{
  "name":"eth-test-report",
  "version":"0.1.0",
  "dependencies": {
    "react-textfit": {
      "from": "https://github.com/vypah/react-textfit/tarball/master",
      "resolved": "https://github.com/vypah/react-textfit/tarball/master",
      "peerDependencies": {
        "react": {
          "version": "^15.4.2"
        },
        "react-dom": {
          "version": "^15.4.2"
        }
      }
    }
  }
}
